<?xml version="1.0" encoding="utf-8"?>
<Project ToolsVersion="4.0" xmlns="http://schemas.microsoft.com/developer/msbuild/2003">
  <ItemGroup>
    <Filter Include="Source Files">
      <UniqueIdentifier>{4FC737F1-C7A5-4376-A066-2A32D752A2FF}</UniqueIdentifier>
      <Extensions>cpp;c;cc;cxx;def;odl;idl;hpj;bat;asm;asmx</Extensions>
    </Filter>
    <Filter Include="Header Files">
      <UniqueIdentifier>{93995380-89BD-4b04-88EB-625FBE52EBFB}</UniqueIdentifier>
      <Extensions>h;hh;hpp;hxx;hm;inl;inc;xsd</Extensions>
    </Filter>
    <Filter Include="Resource Files">
      <UniqueIdentifier>{67DA6AB6-F800-4c08-8B7A-83BB121AAD01}</UniqueIdentifier>
      <Extensions>rc;ico;cur;bmp;dlg;rc2;rct;bin;rgs;gif;jpg;jpeg;jpe;resx;tiff;tif;png;wav;mfcribbon-ms</Extensions>
    </Filter>
    <Filter Include="Source Files\Event">
      <UniqueIdentifier>{6fa4fbee-5d4f-4f69-9647-45a6960633dc}</UniqueIdentifier>
    </Filter>
    <Filter Include="Header Files\Event">
      <UniqueIdentifier>{174d5785-25e2-47d5-9195-4aae5817076b}</UniqueIdentifier>
    </Filter>
    <Filter Include="Source Files\Event\Util">
      <UniqueIdentifier>{e9b13f22-5172-4f84-b110-b3db1ba0c4d9}</UniqueIdentifier>
    </Filter>
    <Filter Include="Header Files\Event\Util">
      <UniqueIdentifier>{099f9560-d93d-483c-b286-3a0bab662c62}</UniqueIdentifier>
    </Filter>
  </ItemGroup>
  <ItemGroup>
    <ClCompile Include="Game.cpp">
      <Filter>Source Files</Filter>
    </ClCompile>
    <ClCompile Include="Event.cpp">
      <Filter>Source Files\Event</Filter>
    </ClCompile>
    <ClCompile Include="EventDispatcher.cpp">
      <Filter>Source Files\Event</Filter>
    </ClCompile>
    <ClCompile Include="DispatcherCallbackMap.cpp">
      <Filter>Source Files\Event\Util</Filter>
    </ClCompile>
    <ClCompile Include="GameException.h">
      <Filter>Header Files</Filter>
    </ClCompile>
    <ClCompile Include="Main.cpp">
      <Filter>Source Files</Filter>
    </ClCompile>
    <ClCompile Include="GameEvent.cpp">
      <Filter>Source Files\Event</Filter>
    </ClCompile>
  </ItemGroup>
  <ItemGroup>
    <ClInclude Include="Game.h">
      <Filter>Header Files</Filter>
    </ClInclude>
    <ClInclude Include="IEventDispatcher.h">
      <Filter>Header Files\Event</Filter>
    </ClInclude>
    <ClInclude Include="EventDispatcher.h">
      <Filter>Header Files\Event</Filter>
    </ClInclude>
    <ClInclude Include="Event.h">
      <Filter>Header Files\Event</Filter>
    </ClInclude>
    <ClInclude Include="DispatcherCallbackMap.h">
      <Filter>Header Files\Event\Util</Filter>
    </ClInclude>
    <ClInclude Include="GameEvent.h">
      <Filter>Header Files\Event</Filter>
    </ClInclude>
    <ClInclude Include="Callback.h">
      <Filter>Header Files</Filter>
    </ClInclude>
  </ItemGroup>
</Project>