<?xml version="1.0" encoding="utf-8"?>
<Project ToolsVersion="4.0" xmlns="http://schemas.microsoft.com/developer/msbuild/2003">
  <ItemGroup>
    <ClCompile Include="Main.cpp">
      <Filter>Source Files</Filter>
    </ClCompile>
    <ClCompile Include="GameException.h">
      <Filter>Header Files\Core</Filter>
    </ClCompile>
    <ClCompile Include="Game.cpp">
      <Filter>Source Files\Core</Filter>
    </ClCompile>
    <ClCompile Include="GameObject.cpp">
      <Filter>Source Files\Core</Filter>
    </ClCompile>
    <ClCompile Include="Color.cpp">
      <Filter>Source Files\Display</Filter>
    </ClCompile>
    <ClCompile Include="DirectLightSource.cpp">
      <Filter>Source Files\Display</Filter>
    </ClCompile>
    <ClCompile Include="LightSource.cpp">
      <Filter>Source Files\Display</Filter>
    </ClCompile>
    <ClCompile Include="Model.cpp">
      <Filter>Source Files\Display</Filter>
    </ClCompile>
    <ClCompile Include="Event.cpp">
      <Filter>Source Files\Event</Filter>
    </ClCompile>
    <ClCompile Include="EventDispatcher.cpp">
      <Filter>Source Files\Event</Filter>
    </ClCompile>
    <ClCompile Include="GameEvent.cpp">
      <Filter>Source Files\Event</Filter>
    </ClCompile>
    <ClCompile Include="MouseEvent.cpp">
      <Filter>Source Files\Event</Filter>
    </ClCompile>
    <ClCompile Include="DispatcherCallbackMap.cpp">
      <Filter>Source Files\Event\Util</Filter>
    </ClCompile>
    <ClCompile Include="Environment.cpp">
      <Filter>Source Files\Misc</Filter>
    </ClCompile>
    <ClCompile Include="GameScreen.cpp">
      <Filter>Source Files\Misc</Filter>
    </ClCompile>
    <ClCompile Include="FileImportData.cpp">
      <Filter>Source Files\Util\ImportData</Filter>
    </ClCompile>
    <ClCompile Include="ImportData.cpp">
      <Filter>Source Files\Util\ImportData</Filter>
    </ClCompile>
    <ClCompile Include="ModelImportData.cpp">
      <Filter>Source Files\Util\ImportData</Filter>
    </ClCompile>
    <ClCompile Include="FileImporter.cpp">
      <Filter>Source Files\Util\Importers</Filter>
    </ClCompile>
    <ClCompile Include="ModelImporter.cpp">
      <Filter>Source Files\Util\Importers</Filter>
    </ClCompile>
    <ClCompile Include="ShaderImporter.cpp">
      <Filter>Source Files\Util\Importers</Filter>
    </ClCompile>
    <ClCompile Include="Random.cpp">
      <Filter>Source Files\Util</Filter>
    </ClCompile>
    <ClCompile Include="ShaderHelper.cpp">
      <Filter>Source Files\Util</Filter>
    </ClCompile>
    <ClCompile Include="Camera.cpp">
      <Filter>Source Files\Core</Filter>
    </ClCompile>
    <ClCompile Include="DisplayEvent.cpp">
      <Filter>Source Files\Event</Filter>
    </ClCompile>
    <ClCompile Include="KeyboardEvent.cpp">
      <Filter>Source Files\Event</Filter>
    </ClCompile>
    <ClCompile Include="BlockPlatform.cpp">
      <Filter>Source Files\Prefabs</Filter>
    </ClCompile>
    <ClCompile Include="ExamplePrefabClass.cpp">
      <Filter>Source Files\Prefabs</Filter>
    </ClCompile>
    <ClCompile Include="BoundingBox.cpp">
      <Filter>Source Files\Display\Util</Filter>
    </ClCompile>
    <ClCompile Include="KeyboardMovableGO.cpp" />
  </ItemGroup>
  <ItemGroup>
    <ClInclude Include="Game.h">
      <Filter>Header Files\Core</Filter>
    </ClInclude>
    <ClInclude Include="GameObject.h">
      <Filter>Header Files\Core</Filter>
    </ClInclude>
    <ClInclude Include="Color.h">
      <Filter>Header Files\Display</Filter>
    </ClInclude>
    <ClInclude Include="DirectLightSource.h">
      <Filter>Header Files\Display</Filter>
    </ClInclude>
    <ClInclude Include="IScreen.h">
      <Filter>Header Files\Display</Filter>
    </ClInclude>
    <ClInclude Include="LightSource.h">
      <Filter>Header Files\Display</Filter>
    </ClInclude>
    <ClInclude Include="Model.h">
      <Filter>Header Files\Display</Filter>
    </ClInclude>
    <ClInclude Include="Event.h">
      <Filter>Header Files\Event</Filter>
    </ClInclude>
    <ClInclude Include="EventDispatcher.h">
      <Filter>Header Files\Event</Filter>
    </ClInclude>
    <ClInclude Include="GameEvent.h">
      <Filter>Header Files\Event</Filter>
    </ClInclude>
    <ClInclude Include="IEventDispatcher.h">
      <Filter>Header Files\Event</Filter>
    </ClInclude>
    <ClInclude Include="MouseEvent.h">
      <Filter>Header Files\Event</Filter>
    </ClInclude>
    <ClInclude Include="Callback.h">
      <Filter>Header Files\Event\Util</Filter>
    </ClInclude>
    <ClInclude Include="DispatcherCallbackMap.h">
      <Filter>Header Files\Event\Util</Filter>
    </ClInclude>
    <ClInclude Include="Environment.h">
      <Filter>Header Files\Misc</Filter>
    </ClInclude>
    <ClInclude Include="GameScreen.h">
      <Filter>Header Files\Misc</Filter>
    </ClInclude>
    <ClInclude Include="FileImportData.h">
      <Filter>Header Files\Util\ImportData</Filter>
    </ClInclude>
    <ClInclude Include="ImportData.h">
      <Filter>Header Files\Util\ImportData</Filter>
    </ClInclude>
    <ClInclude Include="ModelImportData.h">
      <Filter>Header Files\Util\ImportData</Filter>
    </ClInclude>
    <ClInclude Include="FileImporter.h">
      <Filter>Header Files\Util\Importers</Filter>
    </ClInclude>
    <ClInclude Include="IImporter.h">
      <Filter>Header Files\Util\Importers</Filter>
    </ClInclude>
    <ClInclude Include="ModelImporter.h">
      <Filter>Header Files\Util\Importers</Filter>
    </ClInclude>
    <ClInclude Include="ShaderImporter.h">
      <Filter>Header Files\Util\Importers</Filter>
    </ClInclude>
    <ClInclude Include="Random.h">
      <Filter>Header Files\Util</Filter>
    </ClInclude>
    <ClInclude Include="ShaderHelper.h">
      <Filter>Header Files\Util</Filter>
    </ClInclude>
    <ClInclude Include="Camera.h">
      <Filter>Header Files\Core</Filter>
    </ClInclude>
    <ClInclude Include="DisplayEvent.h">
      <Filter>Header Files\Event</Filter>
    </ClInclude>
    <ClInclude Include="KeyboardEvent.h">
      <Filter>Header Files\Event</Filter>
    </ClInclude>
    <ClInclude Include="BlockPlatform.h">
      <Filter>Header Files\Prefabs</Filter>
    </ClInclude>
    <ClInclude Include="ExamplePrefabClass.h">
      <Filter>Header Files\Prefabs</Filter>
    </ClInclude>
    <ClInclude Include="BoundingBox.h">
      <Filter>Header Files\Display\Util</Filter>
    </ClInclude>
    <ClInclude Include="KeyboardMovableGO.h" />
  </ItemGroup>
  <ItemGroup>
    <Filter Include="Header Files">
      <UniqueIdentifier>{0097242d-acde-4b47-923e-6164064ea0ca}</UniqueIdentifier>
    </Filter>
    <Filter Include="Source Files">
      <UniqueIdentifier>{21f6450f-fde5-4889-9ac7-e0f434346765}</UniqueIdentifier>
    </Filter>
    <Filter Include="Header Files\Core">
      <UniqueIdentifier>{86f9dcf4-9b48-4a58-98cd-72ec40495aff}</UniqueIdentifier>
    </Filter>
    <Filter Include="Header Files\Display">
      <UniqueIdentifier>{697f9435-cd84-4af6-b23d-6557e28b1a3e}</UniqueIdentifier>
    </Filter>
    <Filter Include="Header Files\Event">
      <UniqueIdentifier>{0ee0fa42-e334-44c9-bbb5-f0f0355ba1dc}</UniqueIdentifier>
    </Filter>
    <Filter Include="Header Files\Misc">
      <UniqueIdentifier>{39d0a503-1b5a-48b7-b194-2258f5c60964}</UniqueIdentifier>
    </Filter>
    <Filter Include="Header Files\Util">
      <UniqueIdentifier>{e82354a1-d774-4764-a996-d54af9d3817a}</UniqueIdentifier>
    </Filter>
    <Filter Include="Header Files\Event\Util">
      <UniqueIdentifier>{27784810-896d-435b-bfc8-63bc332b2135}</UniqueIdentifier>
    </Filter>
    <Filter Include="Header Files\Util\ImportData">
      <UniqueIdentifier>{b67b3f16-dfe7-4ba5-a451-bd61a6cf567e}</UniqueIdentifier>
    </Filter>
    <Filter Include="Header Files\Util\Importers">
      <UniqueIdentifier>{3dd8ddd5-db8e-4936-b437-7cff15321c63}</UniqueIdentifier>
    </Filter>
    <Filter Include="Source Files\Core">
      <UniqueIdentifier>{32489c59-5973-47e8-a3ac-9a7f06488feb}</UniqueIdentifier>
    </Filter>
    <Filter Include="Source Files\Display">
      <UniqueIdentifier>{e21cb687-c17f-45a9-ad28-754aad150539}</UniqueIdentifier>
    </Filter>
    <Filter Include="Source Files\Event">
      <UniqueIdentifier>{4a9c1563-d30f-4d8d-9ba3-b84005c1663b}</UniqueIdentifier>
    </Filter>
    <Filter Include="Source Files\Event\Util">
      <UniqueIdentifier>{36353562-0cd4-42ac-88a9-985ae16d2cd4}</UniqueIdentifier>
    </Filter>
    <Filter Include="Source Files\Misc">
      <UniqueIdentifier>{3ff97a10-8cf8-4b9f-8788-9e636d1749b9}</UniqueIdentifier>
    </Filter>
    <Filter Include="Source Files\Util">
      <UniqueIdentifier>{fc1b2dd0-dbd0-493c-b1fa-9cef3b43fa36}</UniqueIdentifier>
    </Filter>
    <Filter Include="Source Files\Util\ImportData">
      <UniqueIdentifier>{65e6264c-da50-403c-a262-7e83578b9fe9}</UniqueIdentifier>
    </Filter>
    <Filter Include="Source Files\Util\Importers">
      <UniqueIdentifier>{2e17e953-2ecd-4b7a-b05f-ea258c133560}</UniqueIdentifier>
    </Filter>
    <Filter Include="Header Files\Prefabs">
      <UniqueIdentifier>{3b7b369d-2914-4fc1-bedb-f8067a21c4cb}</UniqueIdentifier>
    </Filter>
    <Filter Include="Source Files\Prefabs">
      <UniqueIdentifier>{2dd4c24c-647a-491a-a0fe-c262665b0c06}</UniqueIdentifier>
    <Filter Include="Source Files\Display\Util">
      <UniqueIdentifier>{bd322429-f9d0-4063-a497-b3be65a2b9fd}</UniqueIdentifier>
    </Filter>
    <Filter Include="Header Files\Display\Util">
      <UniqueIdentifier>{a489efc9-1930-49e3-a3eb-5d0241c9391e}</UniqueIdentifier>
    </Filter>
  </ItemGroup>
</Project>