<?xml version="1.0" encoding="utf-8"?>
<Project ToolsVersion="4.0" xmlns="http://schemas.microsoft.com/developer/msbuild/2003">
  <ItemGroup>
    <ClCompile Include="Main.cpp" />
    <ClCompile Include="GameException.h">
      <Filter>Header Files\Core</Filter>
    </ClCompile>
    <ClCompile Include="Camera.cpp">
      <Filter>Source Files\Core</Filter>
    </ClCompile>
    <ClCompile Include="Game.cpp">
      <Filter>Source Files\Core</Filter>
    </ClCompile>
    <ClCompile Include="GameObject.cpp">
      <Filter>Source Files\Core</Filter>
    </ClCompile>
    <ClCompile Include="Color.cpp">
      <Filter>Source Files\Display</Filter>
    </ClCompile>
    <ClCompile Include="DirectLightSource.cpp">
      <Filter>Source Files\Display</Filter>
    </ClCompile>
    <ClCompile Include="LightSource.cpp">
      <Filter>Source Files\Display</Filter>
    </ClCompile>
    <ClCompile Include="Model.cpp">
      <Filter>Source Files\Display</Filter>
    </ClCompile>
    <ClCompile Include="DisplayEvent.cpp">
      <Filter>Source Files\Event</Filter>
    </ClCompile>
    <ClCompile Include="Event.cpp">
      <Filter>Source Files\Event</Filter>
    </ClCompile>
    <ClCompile Include="EventDispatcher.cpp">
      <Filter>Source Files\Event</Filter>
    </ClCompile>
    <ClCompile Include="GameEvent.cpp">
      <Filter>Source Files\Event</Filter>
    </ClCompile>
    <ClCompile Include="KeyboardEvent.cpp">
      <Filter>Source Files\Event</Filter>
    </ClCompile>
    <ClCompile Include="MouseEvent.cpp">
      <Filter>Source Files\Event</Filter>
    </ClCompile>
    <ClCompile Include="DispatcherCallbackMap.cpp">
      <Filter>Source Files\Event\Util</Filter>
    </ClCompile>
    <ClCompile Include="Environment.cpp">
      <Filter>Source Files\Misc</Filter>
    </ClCompile>
    <ClCompile Include="GameScreen.cpp">
      <Filter>Source Files\Misc</Filter>
    </ClCompile>
    <ClCompile Include="Random.cpp">
      <Filter>Source Files\Util</Filter>
    </ClCompile>
    <ClCompile Include="ShaderHelper.cpp">
      <Filter>Source Files\Util</Filter>
    </ClCompile>
    <ClCompile Include="FileImportData.cpp">
      <Filter>Source Files\Util\ImportData</Filter>
    </ClCompile>
    <ClCompile Include="ImportData.cpp">
      <Filter>Source Files\Util\ImportData</Filter>
    </ClCompile>
    <ClCompile Include="ModelImportData.cpp">
      <Filter>Source Files\Util\ImportData</Filter>
    </ClCompile>
    <ClCompile Include="FileImporter.cpp">
      <Filter>Source Files\Util\Importers</Filter>
    </ClCompile>
    <ClCompile Include="ModelImporter.cpp">
      <Filter>Source Files\Util\Importers</Filter>
    </ClCompile>
    <ClCompile Include="ShaderImporter.cpp">
      <Filter>Source Files\Util\Importers</Filter>
    </ClCompile>
    <ClCompile Include="BlockPlatform.cpp">
      <Filter>Source Files\Misc</Filter>
    </ClCompile>
    <ClCompile Include="ExamplePrefabClass.cpp">
      <Filter>Source Files\Misc</Filter>
    </ClCompile>
    <ClCompile Include="KeyboardMovableGO.cpp">
      <Filter>Source Files\Misc</Filter>
    </ClCompile>
    <ClCompile Include="BoundingBox.cpp">
      <Filter>Source Files\Display\Util</Filter>
    </ClCompile>
  </ItemGroup>
  <ItemGroup>
    <ClInclude Include="Camera.h">
      <Filter>Header Files\Core</Filter>
    </ClInclude>
    <ClInclude Include="Game.h">
      <Filter>Header Files\Core</Filter>
    </ClInclude>
    <ClInclude Include="GameObject.h">
      <Filter>Header Files\Core</Filter>
    </ClInclude>
    <ClInclude Include="Color.h">
      <Filter>Header Files\Display</Filter>
    </ClInclude>
    <ClInclude Include="DirectLightSource.h">
      <Filter>Header Files\Display</Filter>
    </ClInclude>
    <ClInclude Include="IScreen.h">
      <Filter>Header Files\Display</Filter>
    </ClInclude>
    <ClInclude Include="LightSource.h">
      <Filter>Header Files\Display</Filter>
    </ClInclude>
    <ClInclude Include="Model.h">
      <Filter>Header Files\Display</Filter>
    </ClInclude>
    <ClInclude Include="DisplayEvent.h">
      <Filter>Header Files\Event</Filter>
    </ClInclude>
    <ClInclude Include="Event.h">
      <Filter>Header Files\Event</Filter>
    </ClInclude>
    <ClInclude Include="EventDispatcher.h">
      <Filter>Header Files\Event</Filter>
    </ClInclude>
    <ClInclude Include="GameEvent.h">
      <Filter>Header Files\Event</Filter>
    </ClInclude>
    <ClInclude Include="IEventDispatcher.h">
      <Filter>Header Files\Event</Filter>
    </ClInclude>
    <ClInclude Include="KeyboardEvent.h">
      <Filter>Header Files\Event</Filter>
    </ClInclude>
    <ClInclude Include="MouseEvent.h">
      <Filter>Header Files\Event</Filter>
    </ClInclude>
    <ClInclude Include="Callback.h">
      <Filter>Header Files\Event\Util</Filter>
    </ClInclude>
    <ClInclude Include="DispatcherCallbackMap.h">
      <Filter>Header Files\Event\Util</Filter>
    </ClInclude>
    <ClInclude Include="Environment.h">
      <Filter>Header Files\Misc</Filter>
    </ClInclude>
    <ClInclude Include="GameScreen.h">
      <Filter>Header Files\Misc</Filter>
    </ClInclude>
    <ClInclude Include="Random.h">
      <Filter>Header Files\Util</Filter>
    </ClInclude>
    <ClInclude Include="ShaderHelper.h">
      <Filter>Header Files\Util</Filter>
    </ClInclude>
    <ClInclude Include="FileImportData.h">
      <Filter>Header Files\Util\ImportData</Filter>
    </ClInclude>
    <ClInclude Include="ImportData.h">
      <Filter>Header Files\Util\ImportData</Filter>
    </ClInclude>
    <ClInclude Include="ModelImportData.h">
      <Filter>Header Files\Util\ImportData</Filter>
    </ClInclude>
    <ClInclude Include="FileImporter.h">
      <Filter>Header Files\Util\Importers</Filter>
    </ClInclude>
    <ClInclude Include="IImporter.h">
      <Filter>Header Files\Util\Importers</Filter>
    </ClInclude>
    <ClInclude Include="ModelImporter.h">
      <Filter>Header Files\Util\Importers</Filter>
    </ClInclude>
    <ClInclude Include="ShaderImporter.h">
      <Filter>Header Files\Util\Importers</Filter>
    </ClInclude>
    <ClInclude Include="KeyboardMovableGO.h">
      <Filter>Header Files\Misc</Filter>
    </ClInclude>
    <ClInclude Include="ExamplePrefabClass.h">
      <Filter>Header Files\Misc</Filter>
    </ClInclude>
    <ClInclude Include="BlockPlatform.h">
      <Filter>Header Files\Misc</Filter>
    </ClInclude>
    <ClInclude Include="BoundingBox.h">
      <Filter>Header Files\Display\Util</Filter>
    </ClInclude>
  </ItemGroup>
  <ItemGroup>
    <Filter Include="Header Files">
      <UniqueIdentifier>{4dc6cb14-7907-4787-b986-65771314e402}</UniqueIdentifier>
    </Filter>
    <Filter Include="Source Files">
      <UniqueIdentifier>{ef6300e8-722c-41cb-9e46-87712889f759}</UniqueIdentifier>
    </Filter>
    <Filter Include="Header Files\Core">
      <UniqueIdentifier>{c6e46994-9df5-4754-88c5-2051bf8fa6a2}</UniqueIdentifier>
    </Filter>
    <Filter Include="Header Files\Display">
      <UniqueIdentifier>{e487f881-6e66-4385-8a58-cb6ee6ecc412}</UniqueIdentifier>
    </Filter>
    <Filter Include="Header Files\Event">
      <UniqueIdentifier>{9b394925-1896-4a8e-b64c-afd6f463cdf6}</UniqueIdentifier>
    </Filter>
    <Filter Include="Header Files\Misc">
      <UniqueIdentifier>{0b8579ec-bd76-4ea0-857a-6044b07baa19}</UniqueIdentifier>
    </Filter>
    <Filter Include="Header Files\Util">
      <UniqueIdentifier>{250d73da-a7a6-4713-8c8b-d9b139f4c3f7}</UniqueIdentifier>
    </Filter>
    <Filter Include="Header Files\Event\Util">
      <UniqueIdentifier>{bcaee64e-9844-4902-8d5c-1391d0d204ca}</UniqueIdentifier>
    </Filter>
    <Filter Include="Header Files\Util\ImportData">
      <UniqueIdentifier>{ba1e9304-3938-4d09-8e3f-09f211fb1411}</UniqueIdentifier>
    </Filter>
    <Filter Include="Header Files\Util\Importers">
      <UniqueIdentifier>{d87c6a70-0f97-490b-8cea-53e6c689a8e7}</UniqueIdentifier>
    </Filter>
    <Filter Include="Source Files\Core">
      <UniqueIdentifier>{37b43732-b738-423c-bcb1-6214c1d7b92a}</UniqueIdentifier>
    </Filter>
    <Filter Include="Source Files\Display">
      <UniqueIdentifier>{bbe67625-e14d-4575-81a2-2d153b47f326}</UniqueIdentifier>
    </Filter>
    <Filter Include="Source Files\Event">
      <UniqueIdentifier>{e4786376-5577-488d-a595-24dae6676a0f}</UniqueIdentifier>
    </Filter>
    <Filter Include="Source Files\Misc">
      <UniqueIdentifier>{6fe4d1fa-9d48-4f42-a6c6-1eec92fe5026}</UniqueIdentifier>
    </Filter>
    <Filter Include="Source Files\Util">
      <UniqueIdentifier>{e8ebc65d-569d-4292-bbcc-06ab65b99d09}</UniqueIdentifier>
    </Filter>
    <Filter Include="Source Files\Event\Util">
      <UniqueIdentifier>{c8dc7f73-4ba2-4dd1-acc4-ca8da6315960}</UniqueIdentifier>
    </Filter>
    <Filter Include="Source Files\Util\ImportData">
      <UniqueIdentifier>{9fe0d270-d226-4aaa-89f7-f7e3f3430b05}</UniqueIdentifier>
    </Filter>
    <Filter Include="Source Files\Util\Importers">
      <UniqueIdentifier>{3127058d-0042-46d6-864d-28b9171d6d6a}</UniqueIdentifier>
    </Filter>
    <Filter Include="Source Files\Display\Util">
      <UniqueIdentifier>{f3138f3e-959b-444a-aa17-232090a02762}</UniqueIdentifier>
    </Filter>
    <Filter Include="Header Files\Display\Util">
      <UniqueIdentifier>{c44095ef-9e78-4f47-a5e1-8de27f16876b}</UniqueIdentifier>
    </Filter>
  </ItemGroup>
</Project>